
Microsoft Visual Studio Solution File, Format Version 12.00
# Visual Studio Version 16
VisualStudioVersion = 16.0.31313.79
MinimumVisualStudioVersion = 10.0.40219.1
Project("{FAE04EC0-301F-11D3-BF4B-00C04F79EFBC}") = "SampleApp.MVVMLight.Android", "SampleApp.MVVMLight\SampleApp.MVVMLight.Android\SampleApp.MVVMLight.Android.csproj", "{ED1505DF-66E0-4B48-BDDC-507A0B3D63A5}"
EndProject
Project("{FAE04EC0-301F-11D3-BF4B-00C04F79EFBC}") = "SampleApp.MVVMLight.iOS", "SampleApp.MVVMLight\SampleApp.MVVMLight.iOS\SampleApp.MVVMLight.iOS.csproj", "{C297A526-AC01-48A5-AED8-B6253C9CF8E0}"
EndProject
Project("{9A19103F-16F7-4668-BE54-9A1E7A4F7556}") = "SampleApp.MVVMLight", "SampleApp.MVVMLight\SampleApp.MVVMLight\SampleApp.MVVMLight.csproj", "{DFA9F54F-0EDF-408D-BD0F-86964CF6F815}"
EndProject
Project("{FAE04EC0-301F-11D3-BF4B-00C04F79EFBC}") = "RazorPay.Plugin.Android", "RazorPay.Plugin.Android\RazorPay.Plugin.Android.csproj", "{33450906-C9C3-4161-A67F-DC8D58AE7209}"
EndProject
Project("{FAE04EC0-301F-11D3-BF4B-00C04F79EFBC}") = "RazorPay.Plugin.iOS", "RazorPay.Plugin.iOS\RazorPay.Plugin.iOS.csproj", "{D4BE6A5A-AC65-45F2-B56E-DE53F7CD28BC}"
EndProject
Global
	GlobalSection(SolutionConfigurationPlatforms) = preSolution
		Debug|Any CPU = Debug|Any CPU
		Debug|iPhone = Debug|iPhone
		Debug|iPhoneSimulator = Debug|iPhoneSimulator
		Release|Any CPU = Release|Any CPU
		Release|iPhone = Release|iPhone
		Release|iPhoneSimulator = Release|iPhoneSimulator
	EndGlobalSection
	GlobalSection(ProjectConfigurationPlatforms) = postSolution
		{ED1505DF-66E0-4B48-BDDC-507A0B3D63A5}.Debug|Any CPU.ActiveCfg = Debug|Any CPU
		{ED1505DF-66E0-4B48-BDDC-507A0B3D63A5}.Debug|Any CPU.Build.0 = Debug|Any CPU
		{ED1505DF-66E0-4B48-BDDC-507A0B3D63A5}.Debug|Any CPU.Deploy.0 = Debug|Any CPU
		{ED1505DF-66E0-4B48-BDDC-507A0B3D63A5}.Debug|iPhone.ActiveCfg = Debug|Any CPU
		{ED1505DF-66E0-4B48-BDDC-507A0B3D63A5}.Debug|iPhone.Build.0 = Debug|Any CPU
		{ED1505DF-66E0-4B48-BDDC-507A0B3D63A5}.Debug|iPhone.Deploy.0 = Debug|Any CPU
		{ED1505DF-66E0-4B48-BDDC-507A0B3D63A5}.Debug|iPhoneSimulator.ActiveCfg = Debug|Any CPU
		{ED1505DF-66E0-4B48-BDDC-507A0B3D63A5}.Debug|iPhoneSimulator.Build.0 = Debug|Any CPU
		{ED1505DF-66E0-4B48-BDDC-507A0B3D63A5}.Debug|iPhoneSimulator.Deploy.0 = Debug|Any CPU
		{ED1505DF-66E0-4B48-BDDC-507A0B3D63A5}.Release|Any CPU.ActiveCfg = Release|Any CPU
		{ED1505DF-66E0-4B48-BDDC-507A0B3D63A5}.Release|Any CPU.Build.0 = Release|Any CPU
		{ED1505DF-66E0-4B48-BDDC-507A0B3D63A5}.Release|Any CPU.Deploy.0 = Release|Any CPU
		{ED1505DF-66E0-4B48-BDDC-507A0B3D63A5}.Release|iPhone.ActiveCfg = Release|Any CPU
		{ED1505DF-66E0-4B48-BDDC-507A0B3D63A5}.Release|iPhone.Build.0 = Release|Any CPU
		{ED1505DF-66E0-4B48-BDDC-507A0B3D63A5}.Release|iPhone.Deploy.0 = Release|Any CPU
		{ED1505DF-66E0-4B48-BDDC-507A0B3D63A5}.Release|iPhoneSimulator.ActiveCfg = Release|Any CPU
		{ED1505DF-66E0-4B48-BDDC-507A0B3D63A5}.Release|iPhoneSimulator.Build.0 = Release|Any CPU
		{ED1505DF-66E0-4B48-BDDC-507A0B3D63A5}.Release|iPhoneSimulator.Deploy.0 = Release|Any CPU
		{C297A526-AC01-48A5-AED8-B6253C9CF8E0}.Debug|Any CPU.ActiveCfg = Debug|iPhone
		{C297A526-AC01-48A5-AED8-B6253C9CF8E0}.Debug|Any CPU.Build.0 = Debug|iPhone
		{C297A526-AC01-48A5-AED8-B6253C9CF8E0}.Debug|Any CPU.Deploy.0 = Debug|iPhone
		{C297A526-AC01-48A5-AED8-B6253C9CF8E0}.Debug|iPhone.ActiveCfg = Debug|iPhone
		{C297A526-AC01-48A5-AED8-B6253C9CF8E0}.Debug|iPhone.Build.0 = Debug|iPhone
		{C297A526-AC01-48A5-AED8-B6253C9CF8E0}.Debug|iPhone.Deploy.0 = Debug|iPhone
		{C297A526-AC01-48A5-AED8-B6253C9CF8E0}.Debug|iPhoneSimulator.ActiveCfg = Debug|iPhoneSimulator
		{C297A526-AC01-48A5-AED8-B6253C9CF8E0}.Debug|iPhoneSimulator.Build.0 = Debug|iPhoneSimulator
		{C297A526-AC01-48A5-AED8-B6253C9CF8E0}.Debug|iPhoneSimulator.Deploy.0 = Debug|iPhoneSimulator
		{C297A526-AC01-48A5-AED8-B6253C9CF8E0}.Release|Any CPU.ActiveCfg = Release|iPhoneSimulator
		{C297A526-AC01-48A5-AED8-B6253C9CF8E0}.Release|Any CPU.Build.0 = Release|iPhoneSimulator
		{C297A526-AC01-48A5-AED8-B6253C9CF8E0}.Release|Any CPU.Deploy.0 = Release|iPhoneSimulator
		{C297A526-AC01-48A5-AED8-B6253C9CF8E0}.Release|iPhone.ActiveCfg = Release|iPhone
		{C297A526-AC01-48A5-AED8-B6253C9CF8E0}.Release|iPhone.Build.0 = Release|iPhone
		{C297A526-AC01-48A5-AED8-B6253C9CF8E0}.Release|iPhone.Deploy.0 = Release|iPhone
		{C297A526-AC01-48A5-AED8-B6253C9CF8E0}.Release|iPhoneSimulator.ActiveCfg = Release|iPhoneSimulator
		{C297A526-AC01-48A5-AED8-B6253C9CF8E0}.Release|iPhoneSimulator.Build.0 = Release|iPhoneSimulator
		{C297A526-AC01-48A5-AED8-B6253C9CF8E0}.Release|iPhoneSimulator.Deploy.0 = Release|iPhoneSimulator
		{DFA9F54F-0EDF-408D-BD0F-86964CF6F815}.Debug|Any CPU.ActiveCfg = Debug|Any CPU
		{DFA9F54F-0EDF-408D-BD0F-86964CF6F815}.Debug|Any CPU.Build.0 = Debug|Any CPU
		{DFA9F54F-0EDF-408D-BD0F-86964CF6F815}.Debug|Any CPU.Deploy.0 = Debug|Any CPU
		{DFA9F54F-0EDF-408D-BD0F-86964CF6F815}.Debug|iPhone.ActiveCfg = Debug|Any CPU
		{DFA9F54F-0EDF-408D-BD0F-86964CF6F815}.Debug|iPhone.Build.0 = Debug|Any CPU
		{DFA9F54F-0EDF-408D-BD0F-86964CF6F815}.Debug|iPhone.Deploy.0 = Debug|Any CPU
		{DFA9F54F-0EDF-408D-BD0F-86964CF6F815}.Debug|iPhoneSimulator.ActiveCfg = Debug|Any CPU
		{DFA9F54F-0EDF-408D-BD0F-86964CF6F815}.Debug|iPhoneSimulator.Build.0 = Debug|Any CPU
		{DFA9F54F-0EDF-408D-BD0F-86964CF6F815}.Debug|iPhoneSimulator.Deploy.0 = Debug|Any CPU
		{DFA9F54F-0EDF-408D-BD0F-86964CF6F815}.Release|Any CPU.ActiveCfg = Release|Any CPU
		{DFA9F54F-0EDF-408D-BD0F-86964CF6F815}.Release|Any CPU.Build.0 = Release|Any CPU
		{DFA9F54F-0EDF-408D-BD0F-86964CF6F815}.Release|Any CPU.Deploy.0 = Release|Any CPU
		{DFA9F54F-0EDF-408D-BD0F-86964CF6F815}.Release|iPhone.ActiveCfg = Release|Any CPU
		{DFA9F54F-0EDF-408D-BD0F-86964CF6F815}.Release|iPhone.Build.0 = Release|Any CPU
		{DFA9F54F-0EDF-408D-BD0F-86964CF6F815}.Release|iPhone.Deploy.0 = Release|Any CPU
		{DFA9F54F-0EDF-408D-BD0F-86964CF6F815}.Release|iPhoneSimulator.ActiveCfg = Release|Any CPU
		{DFA9F54F-0EDF-408D-BD0F-86964CF6F815}.Release|iPhoneSimulator.Build.0 = Release|Any CPU
		{DFA9F54F-0EDF-408D-BD0F-86964CF6F815}.Release|iPhoneSimulator.Deploy.0 = Release|Any CPU
		{33450906-C9C3-4161-A67F-DC8D58AE7209}.Debug|Any CPU.ActiveCfg = Debug|Any CPU
		{33450906-C9C3-4161-A67F-DC8D58AE7209}.Debug|Any CPU.Build.0 = Debug|Any CPU
		{33450906-C9C3-4161-A67F-DC8D58AE7209}.Debug|iPhone.ActiveCfg = Debug|Any CPU
		{33450906-C9C3-4161-A67F-DC8D58AE7209}.Debug|iPhone.Build.0 = Debug|Any CPU
		{33450906-C9C3-4161-A67F-DC8D58AE7209}.Debug|iPhoneSimulator.ActiveCfg = Debug|Any CPU
		{33450906-C9C3-4161-A67F-DC8D58AE7209}.Debug|iPhoneSimulator.Build.0 = Debug|Any CPU
		{33450906-C9C3-4161-A67F-DC8D58AE7209}.Release|Any CPU.ActiveCfg = Release|Any CPU
		{33450906-C9C3-4161-A67F-DC8D58AE7209}.Release|Any CPU.Build.0 = Release|Any CPU
		{33450906-C9C3-4161-A67F-DC8D58AE7209}.Release|iPhone.ActiveCfg = Release|Any CPU
		{33450906-C9C3-4161-A67F-DC8D58AE7209}.Release|iPhone.Build.0 = Release|Any CPU
		{33450906-C9C3-4161-A67F-DC8D58AE7209}.Release|iPhoneSimulator.ActiveCfg = Release|Any CPU
		{33450906-C9C3-4161-A67F-DC8D58AE7209}.Release|iPhoneSimulator.Build.0 = Release|Any CPU
		{D4BE6A5A-AC65-45F2-B56E-DE53F7CD28BC}.Debug|Any CPU.ActiveCfg = Debug|Any CPU
		{D4BE6A5A-AC65-45F2-B56E-DE53F7CD28BC}.Debug|Any CPU.Build.0 = Debug|Any CPU
		{D4BE6A5A-AC65-45F2-B56E-DE53F7CD28BC}.Debug|iPhone.ActiveCfg = Debug|Any CPU
		{D4BE6A5A-AC65-45F2-B56E-DE53F7CD28BC}.Debug|iPhone.Build.0 = Debug|Any CPU
		{D4BE6A5A-AC65-45F2-B56E-DE53F7CD28BC}.Debug|iPhoneSimulator.ActiveCfg = Debug|Any CPU
		{D4BE6A5A-AC65-45F2-B56E-DE53F7CD28BC}.Debug|iPhoneSimulator.Build.0 = Debug|Any CPU
		{D4BE6A5A-AC65-45F2-B56E-DE53F7CD28BC}.Release|Any CPU.ActiveCfg = Release|Any CPU
		{D4BE6A5A-AC65-45F2-B56E-DE53F7CD28BC}.Release|Any CPU.Build.0 = Release|Any CPU
		{D4BE6A5A-AC65-45F2-B56E-DE53F7CD28BC}.Release|iPhone.ActiveCfg = Release|Any CPU
		{D4BE6A5A-AC65-45F2-B56E-DE53F7CD28BC}.Release|iPhone.Build.0 = Release|Any CPU
		{D4BE6A5A-AC65-45F2-B56E-DE53F7CD28BC}.Release|iPhoneSimulator.ActiveCfg = Release|Any CPU
		{D4BE6A5A-AC65-45F2-B56E-DE53F7CD28BC}.Release|iPhoneSimulator.Build.0 = Release|Any CPU
	EndGlobalSection
	GlobalSection(SolutionProperties) = preSolution
		HideSolutionNode = FALSE
	EndGlobalSection
	GlobalSection(ExtensibilityGlobals) = postSolution
		SolutionGuid = {6222A3EB-2C09-4DF6-8EB3-926310654812}
	EndGlobalSection
EndGlobal
